// !$*UTF8*$!
{
	archiveVersion = 1;
	classes = {
	};
	objectVersion = 46;
	objects = {

/* Begin PBXBuildFile section */
		79EFF0F01BABDE3400C25095 /* main.m in Sources */ = {isa = PBXBuildFile; fileRef = 79EFF0EF1BABDE3400C25095 /* main.m */; };
		79EFF0F31BABDE3400C25095 /* AppDelegate.m in Sources */ = {isa = PBXBuildFile; fileRef = 79EFF0F21BABDE3400C25095 /* AppDelegate.m */; };
		79EFF0F61BABDE3400C25095 /* ViewController.m in Sources */ = {isa = PBXBuildFile; fileRef = 79EFF0F51BABDE3400C25095 /* ViewController.m */; };
		79EFF0F91BABDE3400C25095 /* Main.storyboard in Resources */ = {isa = PBXBuildFile; fileRef = 79EFF0F71BABDE3400C25095 /* Main.storyboard */; };
		79EFF0FB1BABDE3400C25095 /* Images.xcassets in Resources */ = {isa = PBXBuildFile; fileRef = 79EFF0FA1BABDE3400C25095 /* Images.xcassets */; };
		79EFF0FE1BABDE3400C25095 /* LaunchScreen.xib in Resources */ = {isa = PBXBuildFile; fileRef = 79EFF0FC1BABDE3400C25095 /* LaunchScreen.xib */; };
		79EFF10A1BABDE3400C25095 /* TransceiverTests.m in Sources */ = {isa = PBXBuildFile; fileRef = 79EFF1091BABDE3400C25095 /* TransceiverTests.m */; };
/* End PBXBuildFile section */

/* Begin PBXContainerItemProxy section */
		79EFF1041BABDE3400C25095 /* PBXContainerItemProxy */ = {
			isa = PBXContainerItemProxy;
			containerPortal = 79EFF0E21BABDE3400C25095 /* Project object */;
			proxyType = 1;
			remoteGlobalIDString = 79EFF0E91BABDE3400C25095;
			remoteInfo = Transceiver;
		};
/* End PBXContainerItemProxy section */

/* Begin PBXFileReference section */
		79EFF0EA1BABDE3400C25095 /* Transceiver.app */ = {isa = PBXFileReference; explicitFileType = wrapper.application; includeInIndex = 0; path = Transceiver.app; sourceTree = BUILT_PRODUCTS_DIR; };
		79EFF0EE1BABDE3400C25095 /* Info.plist */ = {isa = PBXFileReference; lastKnownFileType = text.plist.xml; path = Info.plist; sourceTree = "<group>"; };
		79EFF0EF1BABDE3400C25095 /* main.m */ = {isa = PBXFileReference; lastKnownFileType = sourcecode.c.objc; path = main.m; sourceTree = "<group>"; };
		79EFF0F11BABDE3400C25095 /* AppDelegate.h */ = {isa = PBXFileReference; lastKnownFileType = sourcecode.c.h; path = AppDelegate.h; sourceTree = "<group>"; };
		79EFF0F21BABDE3400C25095 /* AppDelegate.m */ = {isa = PBXFileReference; lastKnownFileType = sourcecode.c.objc; path = AppDelegate.m; sourceTree = "<group>"; };
		79EFF0F41BABDE3400C25095 /* ViewController.h */ = {isa = PBXFileReference; lastKnownFileType = sourcecode.c.h; path = ViewController.h; sourceTree = "<group>"; };
		79EFF0F51BABDE3400C25095 /* ViewController.m */ = {isa = PBXFileReference; lastKnownFileType = sourcecode.c.objc; path = ViewController.m; sourceTree = "<group>"; };
		79EFF0F81BABDE3400C25095 /* Base */ = {isa = PBXFileReference; lastKnownFileType = file.storyboard; name = Base; path = Base.lproj/Main.storyboard; sourceTree = "<group>"; };
		79EFF0FA1BABDE3400C25095 /* Images.xcassets */ = {isa = PBXFileReference; lastKnownFileType = folder.assetcatalog; path = Images.xcassets; sourceTree = "<group>"; };
		79EFF0FD1BABDE3400C25095 /* Base */ = {isa = PBXFileReference; lastKnownFileType = file.xib; name = Base; path = Base.lproj/LaunchScreen.xib; sourceTree = "<group>"; };
		79EFF1031BABDE3400C25095 /* TransceiverTests.xctest */ = {isa = PBXFileReference; explicitFileType = wrapper.cfbundle; includeInIndex = 0; path = TransceiverTests.xctest; sourceTree = BUILT_PRODUCTS_DIR; };
		79EFF1081BABDE3400C25095 /* Info.plist */ = {isa = PBXFileReference; lastKnownFileType = text.plist.xml; path = Info.plist; sourceTree = "<group>"; };
		79EFF1091BABDE3400C25095 /* TransceiverTests.m */ = {isa = PBXFileReference; lastKnownFileType = sourcecode.c.objc; path = TransceiverTests.m; sourceTree = "<group>"; };
/* End PBXFileReference section */

/* Begin PBXFrameworksBuildPhase section */
		79EFF0E71BABDE3400C25095 /* Frameworks */ = {
			isa = PBXFrameworksBuildPhase;
			buildActionMask = 2147483647;
			files = (
			);
			runOnlyForDeploymentPostprocessing = 0;
		};
		79EFF1001BABDE3400C25095 /* Frameworks */ = {
			isa = PBXFrameworksBuildPhase;
			buildActionMask = 2147483647;
			files = (
			);
			runOnlyForDeploymentPostprocessing = 0;
		};
/* End PBXFrameworksBuildPhase section */

/* Begin PBXGroup section */
		79EFF0E11BABDE3400C25095 = {
			isa = PBXGroup;
			children = (
				79EFF0EC1BABDE3400C25095 /* Transceiver */,
				79EFF1061BABDE3400C25095 /* TransceiverTests */,
				79EFF0EB1BABDE3400C25095 /* Products */,
			);
			sourceTree = "<group>";
		};
		79EFF0EB1BABDE3400C25095 /* Products */ = {
			isa = PBXGroup;
			children = (
				79EFF0EA1BABDE3400C25095 /* Transceiver.app */,
				79EFF1031BABDE3400C25095 /* TransceiverTests.xctest */,
			);
			name = Products;
			sourceTree = "<group>";
		};
		79EFF0EC1BABDE3400C25095 /* Transceiver */ = {
			isa = PBXGroup;
			children = (
				79EFF0F11BABDE3400C25095 /* AppDelegate.h */,
				79EFF0F21BABDE3400C25095 /* AppDelegate.m */,
				79EFF0F41BABDE3400C25095 /* ViewController.h */,
				79EFF0F51BABDE3400C25095 /* ViewController.m */,
				79EFF0F71BABDE3400C25095 /* Main.storyboard */,
				79EFF0FA1BABDE3400C25095 /* Images.xcassets */,
				79EFF0FC1BABDE3400C25095 /* LaunchScreen.xib */,
				79EFF0ED1BABDE3400C25095 /* Supporting Files */,
			);
			path = Transceiver;
			sourceTree = "<group>";
		};
		79EFF0ED1BABDE3400C25095 /* Supporting Files */ = {
			isa = PBXGroup;
			children = (
				79EFF0EE1BABDE3400C25095 /* Info.plist */,
				79EFF0EF1BABDE3400C25095 /* main.m */,
			);
			name = "Supporting Files";
			sourceTree = "<group>";
		};
		79EFF1061BABDE3400C25095 /* TransceiverTests */ = {
			isa = PBXGroup;
			children = (
				79EFF1091BABDE3400C25095 /* TransceiverTests.m */,
				79EFF1071BABDE3400C25095 /* Supporting Files */,
			);
			path = TransceiverTests;
			sourceTree = "<group>";
		};
		79EFF1071BABDE3400C25095 /* Supporting Files */ = {
			isa = PBXGroup;
			children = (
				79EFF1081BABDE3400C25095 /* Info.plist */,
			);
			name = "Supporting Files";
			sourceTree = "<group>";
		};
/* End PBXGroup section */

/* Begin PBXNativeTarget section */
		79EFF0E91BABDE3400C25095 /* Transceiver */ = {
			isa = PBXNativeTarget;
			buildConfigurationList = 79EFF10D1BABDE3400C25095 /* Build configuration list for PBXNativeTarget "Transceiver" */;
			buildPhases = (
				79EFF0E61BABDE3400C25095 /* Sources */,
				79EFF0E71BABDE3400C25095 /* Frameworks */,
				79EFF0E81BABDE3400C25095 /* Resources */,
			);
			buildRules = (
			);
			dependencies = (
			);
			name = Transceiver;
			productName = Transceiver;
			productReference = 79EFF0EA1BABDE3400C25095 /* Transceiver.app */;
			productType = "com.apple.product-type.application";
		};
		79EFF1021BABDE3400C25095 /* TransceiverTests */ = {
			isa = PBXNativeTarget;
			buildConfigurationList = 79EFF1101BABDE3400C25095 /* Build configuration list for PBXNativeTarget "TransceiverTests" */;
			buildPhases = (
				79EFF0FF1BABDE3400C25095 /* Sources */,
				79EFF1001BABDE3400C25095 /* Frameworks */,
				79EFF1011BABDE3400C25095 /* Resources */,
			);
			buildRules = (
			);
			dependencies = (
				79EFF1051BABDE3400C25095 /* PBXTargetDependency */,
			);
			name = TransceiverTests;
			productName = TransceiverTests;
			productReference = 79EFF1031BABDE3400C25095 /* TransceiverTests.xctest */;
			productType = "com.apple.product-type.bundle.unit-test";
		};
/* End PBXNativeTarget section */

/* Begin PBXProject section */
		79EFF0E21BABDE3400C25095 /* Project object */ = {
			isa = PBXProject;
			attributes = {
				LastUpgradeCheck = 0640;
				ORGANIZATIONNAME = itcast;
				TargetAttributes = {
					79EFF0E91BABDE3400C25095 = {
						CreatedOnToolsVersion = 6.4;
					};
					79EFF1021BABDE3400C25095 = {
						CreatedOnToolsVersion = 6.4;
						TestTargetID = 79EFF0E91BABDE3400C25095;
					};
				};
			};
			buildConfigurationList = 79EFF0E51BABDE3400C25095 /* Build configuration list for PBXProject "Transceiver" */;
			compatibilityVersion = "Xcode 3.2";
			developmentRegion = English;
			hasScannedForEncodings = 0;
			knownRegions = (
				en,
				Base,
			);
			mainGroup = 79EFF0E11BABDE3400C25095;
			productRefGroup = 79EFF0EB1BABDE3400C25095 /* Products */;
			projectDirPath = "";
			projectRoot = "";
			targets = (
				79EFF0E91BABDE3400C25095 /* Transceiver */,
				79EFF1021BABDE3400C25095 /* TransceiverTests */,
			);
		};
/* End PBXProject section */

/* Begin PBXResourcesBuildPhase section */
		79EFF0E81BABDE3400C25095 /* Resources */ = {
			isa = PBXResourcesBuildPhase;
			buildActionMask = 2147483647;
			files = (
				79EFF0F91BABDE3400C25095 /* Main.storyboard in Resources */,
				79EFF0FE1BABDE3400C25095 /* LaunchScreen.xib in Resources */,
				79EFF0FB1BABDE3400C25095 /* Images.xcassets in Resources */,
			);
			runOnlyForDeploymentPostprocessing = 0;
		};
		79EFF1011BABDE3400C25095 /* Resources */ = {
			isa = PBXResourcesBuildPhase;
			buildActionMask = 2147483647;
			files = (
			);
			runOnlyForDeploymentPostprocessing = 0;
		};
/* End PBXResourcesBuildPhase section */

/* Begin PBXSourcesBuildPhase section */
		79EFF0E61BABDE3400C25095 /* Sources */ = {
			isa = PBXSourcesBuildPhase;
			buildActionMask = 2147483647;
			files = (
				79EFF0F61BABDE3400C25095 /* ViewController.m in Sources */,
				79EFF0F31BABDE3400C25095 /* AppDelegate.m in Sources */,
				79EFF0F01BABDE3400C25095 /* main.m in Sources */,
			);
			runOnlyForDeploymentPostprocessing = 0;
		};
		79EFF0FF1BABDE3400C25095 /* Sources */ = {
			isa = PBXSourcesBuildPhase;
			buildActionMask = 2147483647;
			files = (
				79EFF10A1BABDE3400C25095 /* TransceiverTests.m in Sources */,
			);
			runOnlyForDeploymentPostprocessing = 0;
		};
/* End PBXSourcesBuildPhase section */

/* Begin PBXTargetDependency section */
		79EFF1051BABDE3400C25095 /* PBXTargetDependency */ = {
			isa = PBXTargetDependency;
			target = 79EFF0E91BABDE3400C25095 /* Transceiver */;
			targetProxy = 79EFF1041BABDE3400C25095 /* PBXContainerItemProxy */;
		};
/* End PBXTargetDependency section */

/* Begin PBXVariantGroup section */
		79EFF0F71BABDE3400C25095 /* Main.storyboard */ = {
			isa = PBXVariantGroup;
			children = (
				79EFF0F81BABDE3400C25095 /* Base */,
			);
			name = Main.storyboard;
			sourceTree = "<group>";
		};
		79EFF0FC1BABDE3400C25095 /* LaunchScreen.xib */ = {
			isa = PBXVariantGroup;
			children = (
				79EFF0FD1BABDE3400C25095 /* Base */,
			);
			name = LaunchScreen.xib;
			sourceTree = "<group>";
		};
/* End PBXVariantGroup section */

/* Begin XCBuildConfiguration section */
		79EFF10B1BABDE3400C25095 /* Debug */ = {
			isa = XCBuildConfiguration;
			buildSettings = {
				ALWAYS_SEARCH_USER_PATHS = NO;
				CLANG_CXX_LANGUAGE_STANDARD = "gnu++0x";
				CLANG_CXX_LIBRARY = "libc++";
				CLANG_ENABLE_MODULES = YES;
				CLANG_ENABLE_OBJC_ARC = YES;
				CLANG_WARN_BOOL_CONVERSION = YES;
				CLANG_WARN_CONSTANT_CONVERSION = YES;
				CLANG_WARN_DIRECT_OBJC_ISA_USAGE = YES_ERROR;
				CLANG_WARN_EMPTY_BODY = YES;
				CLANG_WARN_ENUM_CONVERSION = YES;
				CLANG_WARN_INT_CONVERSION = YES;
				CLANG_WARN_OBJC_ROOT_CLASS = YES_ERROR;
				CLANG_WARN_UNREACHABLE_CODE = YES;
				CLANG_WARN__DUPLICATE_METHOD_MATCH = YES;
				"CODE_SIGN_IDENTITY[sdk=iphoneos*]" = "iPhone Developer";
				COPY_PHASE_STRIP = NO;
				DEBUG_INFORMATION_FORMAT = "dwarf-with-dsym";
				ENABLE_STRICT_OBJC_MSGSEND = YES;
				GCC_C_LANGUAGE_STANDARD = gnu99;
				GCC_DYNAMIC_NO_PIC = NO;
				GCC_NO_COMMON_BLOCKS = YES;
				GCC_OPTIMIZATION_LEVEL = 0;
				GCC_PREPROCESSOR_DEFINITIONS = (
					"DEBUG=1",
					"$(inherited)",
				);
				GCC_SYMBOLS_PRIVATE_EXTERN = NO;
				GCC_WARN_64_TO_32_BIT_CONVERSION = YES;
				GCC_WARN_ABOUT_RETURN_TYPE = YES_ERROR;
				GCC_WARN_UNDECLARED_SELECTOR = YES;
				GCC_WARN_UNINITIALIZED_AUTOS = YES_AGGRESSIVE;
				GCC_WARN_UNUSED_FUNCTION = YES;
				GCC_WARN_UNUSED_VARIABLE = YES;
				IPHONEOS_DEPLOYMENT_TARGET = 8.4;
				MTL_ENABLE_DEBUG_INFO = YES;
				ONLY_ACTIVE_ARCH = YES;
				SDKROOT = iphoneos;
			};
			name = Debug;
		};
		79EFF10C1BABDE3400C25095 /* Release */ = {
			isa = XCBuildConfiguration;
			buildSettings = {
				ALWAYS_SEARCH_USER_PATHS = NO;
				CLANG_CXX_LANGUAGE_STANDARD = "gnu++0x";
				CLANG_CXX_LIBRARY = "libc++";
				CLANG_ENABLE_MODULES = YES;
				CLANG_ENABLE_OBJC_ARC = YES;
				CLANG_WARN_BOOL_CONVERSION = YES;
				CLANG_WARN_CONSTANT_CONVERSION = YES;
				CLANG_WARN_DIRECT_OBJC_ISA_USAGE = YES_ERROR;
				CLANG_WARN_EMPTY_BODY = YES;
				CLANG_WARN_ENUM_CONVERSION = YES;
				CLANG_WARN_INT_CONVERSION = YES;
				CLANG_WARN_OBJC_ROOT_CLASS = YES_ERROR;
				CLANG_WARN_UNREACHABLE_CODE = YES;
				CLANG_WARN__DUPLICATE_METHOD_MATCH = YES;
				"CODE_SIGN_IDENTITY[sdk=iphoneos*]" = "iPhone Developer";
				COPY_PHASE_STRIP = NO;
				DEBUG_INFORMATION_FORMAT = "dwarf-with-dsym";
				ENABLE_NS_ASSERTIONS = NO;
				ENABLE_STRICT_OBJC_MSGSEND = YES;
				GCC_C_LANGUAGE_STANDARD = gnu99;
				GCC_NO_COMMON_BLOCKS = YES;
				GCC_WARN_64_TO_32_BIT_CONVERSION = YES;
				GCC_WARN_ABOUT_RETURN_TYPE = YES_ERROR;
				GCC_WARN_UNDECLARED_SELECTOR = YES;
				GCC_WARN_UNINITIALIZED_AUTOS = YES_AGGRESSIVE;
				GCC_WARN_UNUSED_FUNCTION = YES;
				GCC_WARN_UNUSED_VARIABLE = YES;
				IPHONEOS_DEPLOYMENT_TARGET = 8.4;
				MTL_ENABLE_DEBUG_INFO = NO;
				SDKROOT = iphoneos;
				VALIDATE_PRODUCT = YES;
			};
			name = Release;
		};
		79EFF10E1BABDE3400C25095 /* Debug */ = {
			isa = XCBuildConfiguration;
			buildSettings = {
				ASSETCATALOG_COMPILER_APPICON_NAME = AppIcon;
				INFOPLIST_FILE = Transceiver/Info.plist;
				LD_RUNPATH_SEARCH_PATHS = "$(inherited) @executable_path/Frameworks";
				PRODUCT_NAME = "$(TARGET_NAME)";
			};
			name = Debug;
		};
		79EFF10F1BABDE3400C25095 /* Release */ = {
			isa = XCBuildConfiguration;
			buildSettings = {
				ASSETCATALOG_COMPILER_APPICON_NAME = AppIcon;
				INFOPLIST_FILE = Transceiver/Info.plist;
				LD_RUNPATH_SEARCH_PATHS = "$(inherited) @executable_path/Frameworks";
				PRODUCT_NAME = "$(TARGET_NAME)";
			};
			name = Release;
		};
		79EFF1111BABDE3400C25095 /* Debug */ = {
			isa = XCBuildConfiguration;
			buildSettings = {
				BUNDLE_LOADER = "$(TEST_HOST)";
				FRAMEWORK_SEARCH_PATHS = (
					"$(SDKROOT)/Developer/Library/Frameworks",
					"$(inherited)",
				);
				GCC_PREPROCESSOR_DEFINITIONS = (
					"DEBUG=1",
					"$(inherited)",
				);
				INFOPLIST_FILE = TransceiverTests/Info.plist;
				LD_RUNPATH_SEARCH_PATHS = "$(inherited) @executable_path/Frameworks @loader_path/Frameworks";
				PRODUCT_NAME = "$(TARGET_NAME)";
				TEST_HOST = "$(BUILT_PRODUCTS_DIR)/Transceiver.app/Transceiver";
			};
			name = Debug;
		};
		79EFF1121BABDE3400C25095 /* Release */ = {
			isa = XCBuildConfiguration;
			buildSettings = {
				BUNDLE_LOADER = "$(TEST_HOST)";
				FRAMEWORK_SEARCH_PATHS = (
					"$(SDKROOT)/Developer/Library/Frameworks",
					"$(inherited)",
				);
				INFOPLIST_FILE = TransceiverTests/Info.plist;
				LD_RUNPATH_SEARCH_PATHS = "$(inherited) @executable_path/Frameworks @loader_path/Frameworks";
				PRODUCT_NAME = "$(TARGET_NAME)";
				TEST_HOST = "$(BUILT_PRODUCTS_DIR)/Transceiver.app/Transceiver";
			};
			name = Release;
		};
/* End XCBuildConfiguration section */

/* Begin XCConfigurationList section */
		79EFF0E51BABDE3400C25095 /* Build configuration list for PBXProject "Transceiver" */ = {
			isa = XCConfigurationList;
			buildConfigurations = (
				79EFF10B1BABDE3400C25095 /* Debug */,
				79EFF10C1BABDE3400C25095 /* Release */,
			);
			defaultConfigurationIsVisible = 0;
			defaultConfigurationName = Release;
		};
		79EFF10D1BABDE3400C25095 /* Build configuration list for PBXNativeTarget "Transceiver" */ = {
			isa = XCConfigurationList;
			buildConfigurations = (
				79EFF10E1BABDE3400C25095 /* Debug */,
				79EFF10F1BABDE3400C25095 /* Release */,
			);
			defaultConfigurationIsVisible = 0;
		};
		79EFF1101BABDE3400C25095 /* Build configuration list for PBXNativeTarget "TransceiverTests" */ = {
			isa = XCConfigurationList;
			buildConfigurations = (
				79EFF1111BABDE3400C25095 /* Debug */,
				79EFF1121BABDE3400C25095 /* Release */,
			);
			defaultConfigurationIsVisible = 0;
		};
/* End XCConfigurationList section */
	};
	rootObject = 79EFF0E21BABDE3400C25095 /* Project object */;
}
